
Microsoft Visual Studio Solution File, Format Version 12.00
# Visual Studio Version 17
VisualStudioVersion = 17.6.33829.357
MinimumVisualStudioVersion = 10.0.40219.1
Project("{FAE04EC0-301F-11D3-BF4B-00C04F79EFBC}") = "one-dimensional-array", "one-dimensional-array\one-dimensional-array.csproj", "{C6DFBA48-64DA-435D-8A19-0D229680180A}"
EndProject
Global
	GlobalSection(SolutionConfigurationPlatforms) = preSolution
		Debug|Any CPU = Debug|Any CPU
		Release|Any CPU = Release|Any CPU
	EndGlobalSection
	GlobalSection(ProjectConfigurationPlatforms) = postSolution
		{C6DFBA48-64DA-435D-8A19-0D229680180A}.Debug|Any CPU.ActiveCfg = Debug|Any CPU
		{C6DFBA48-64DA-435D-8A19-0D229680180A}.Debug|Any CPU.Build.0 = Debug|Any CPU
		{C6DFBA48-64DA-435D-8A19-0D229680180A}.Release|Any CPU.ActiveCfg = Release|Any CPU
		{C6DFBA48-64DA-435D-8A19-0D229680180A}.Release|Any CPU.Build.0 = Release|Any CPU
	EndGlobalSection
	GlobalSection(SolutionProperties) = preSolution
		HideSolutionNode = FALSE
	EndGlobalSection
	GlobalSection(ExtensibilityGlobals) = postSolution
		SolutionGuid = {8DD68CA1-154F-4A25-B53D-6D88CF866ED3}
	EndGlobalSection
EndGlobal
